
Microsoft Visual Studio Solution File, Format Version 12.00
# Visual Studio Version 16
VisualStudioVersion = 16.0.29411.108
MinimumVisualStudioVersion = 10.0.40219.1
Project("{FAE04EC0-301F-11D3-BF4B-00C04F79EFBC}") = "simulationloterie", "simulationloterie\simulationloterie.csproj", "{7E0E4EBA-7C0A-451F-9D0A-2A6405292288}"
EndProject
Global
	GlobalSection(SolutionConfigurationPlatforms) = preSolution
		Debug|Any CPU = Debug|Any CPU
		Release|Any CPU = Release|Any CPU
	EndGlobalSection
	GlobalSection(ProjectConfigurationPlatforms) = postSolution
		{7E0E4EBA-7C0A-451F-9D0A-2A6405292288}.Debug|Any CPU.ActiveCfg = Debug|Any CPU
		{7E0E4EBA-7C0A-451F-9D0A-2A6405292288}.Debug|Any CPU.Build.0 = Debug|Any CPU
		{7E0E4EBA-7C0A-451F-9D0A-2A6405292288}.Release|Any CPU.ActiveCfg = Release|Any CPU
		{7E0E4EBA-7C0A-451F-9D0A-2A6405292288}.Release|Any CPU.Build.0 = Release|Any CPU
	EndGlobalSection
	GlobalSection(SolutionProperties) = preSolution
		HideSolutionNode = FALSE
	EndGlobalSection
	GlobalSection(ExtensibilityGlobals) = postSolution
		SolutionGuid = {9356A5A6-7E21-48DB-80EC-9FB778C56E96}
	EndGlobalSection
EndGlobal
